
Microsoft Visual Studio Solution File, Format Version 12.00
# Visual Studio 2012
Project("{FAE04EC0-301F-11D3-BF4B-00C04F79EFBC}") = "AspNetApi", "src/AspNetApi/AspNetApi.csproj", "{B66C6F28-FFA2-43F2-B243-0F7C9D46A6D0}"
EndProject
Global
	GlobalSection(SolutionConfigurationPlatforms) = preSolution
		Debug|Any CPU = Debug|Any CPU
		Release|Any CPU = Release|Any CPU
	EndGlobalSection
	GlobalSection(ProjectConfigurationPlatforms) = postSolution
		{B66C6F28-FFA2-43F2-B243-0F7C9D46A6D0}.Debug|Any CPU.ActiveCfg = Debug|Any CPU
		{B66C6F28-FFA2-43F2-B243-0F7C9D46A6D0}.Debug|Any CPU.Build.0 = Debug|Any CPU
		{B66C6F28-FFA2-43F2-B243-0F7C9D46A6D0}.Release|Any CPU.ActiveCfg = Release|Any CPU
		{B66C6F28-FFA2-43F2-B243-0F7C9D46A6D0}.Release|Any CPU.Build.0 = Release|Any CPU
	EndGlobalSection
EndGlobal
